// !$*UTF8*$!
{
	archiveVersion = 1;
	classes = {
	};
	objectVersion = 46;
	objects = {

/* Begin PBXBuildFile section */
		475299DC1DC8720800DB21F5 /* CollectionBaseCell.swift in Sources */ = {isa = PBXBuildFile; fileRef = 475299DB1DC8720800DB21F5 /* CollectionBaseCell.swift */; };
		4770E9B51DC6F8DF004703AC /* CollectionHeaderView.swift in Sources */ = {isa = PBXBuildFile; fileRef = 4770E9B31DC6F8DF004703AC /* CollectionHeaderView.swift */; };
		4770E9B61DC6F8DF004703AC /* CollectionHeaderView.xib in Resources */ = {isa = PBXBuildFile; fileRef = 4770E9B41DC6F8DF004703AC /* CollectionHeaderView.xib */; };
		4770E9B91DC6FED6004703AC /* CollectionNormalCell.swift in Sources */ = {isa = PBXBuildFile; fileRef = 4770E9B71DC6FED6004703AC /* CollectionNormalCell.swift */; };
		4770E9BA1DC6FED6004703AC /* CollectionNormalCell.xib in Resources */ = {isa = PBXBuildFile; fileRef = 4770E9B81DC6FED6004703AC /* CollectionNormalCell.xib */; };
		4770E9BD1DC7331F004703AC /* CollectionPrettyCell.swift in Sources */ = {isa = PBXBuildFile; fileRef = 4770E9BB1DC7331F004703AC /* CollectionPrettyCell.swift */; };
		4770E9BE1DC7331F004703AC /* CollectionPrettyCell.xib in Resources */ = {isa = PBXBuildFile; fileRef = 4770E9BC1DC7331F004703AC /* CollectionPrettyCell.xib */; };
		477363BF1DBDDE68005398E6 /* AppDelegate.swift in Sources */ = {isa = PBXBuildFile; fileRef = 477363BE1DBDDE68005398E6 /* AppDelegate.swift */; };
		477363C41DBDDE68005398E6 /* Main.storyboard in Resources */ = {isa = PBXBuildFile; fileRef = 477363C21DBDDE68005398E6 /* Main.storyboard */; };
		477363C61DBDDE68005398E6 /* Assets.xcassets in Resources */ = {isa = PBXBuildFile; fileRef = 477363C51DBDDE68005398E6 /* Assets.xcassets */; };
		477363C91DBDDE68005398E6 /* LaunchScreen.storyboard in Resources */ = {isa = PBXBuildFile; fileRef = 477363C71DBDDE68005398E6 /* LaunchScreen.storyboard */; };
		477363D41DBDDE68005398E6 /* DouyuTVTests.swift in Sources */ = {isa = PBXBuildFile; fileRef = 477363D31DBDDE68005398E6 /* DouyuTVTests.swift */; };
		477363DF1DBDDE68005398E6 /* DouyuTVUITests.swift in Sources */ = {isa = PBXBuildFile; fileRef = 477363DE1DBDDE68005398E6 /* DouyuTVUITests.swift */; };
		477363F71DBDFD01005398E6 /* Home.storyboard in Resources */ = {isa = PBXBuildFile; fileRef = 477363F51DBDFD01005398E6 /* Home.storyboard */; };
		477363F91DBDFD1F005398E6 /* Live.storyboard in Resources */ = {isa = PBXBuildFile; fileRef = 477363F81DBDFD1F005398E6 /* Live.storyboard */; };
		477363FC1DBDFD38005398E6 /* Follow.storyboard in Resources */ = {isa = PBXBuildFile; fileRef = 477363FA1DBDFD38005398E6 /* Follow.storyboard */; };
		477363FE1DBDFD4E005398E6 /* Profile.storyboard in Resources */ = {isa = PBXBuildFile; fileRef = 477363FD1DBDFD4E005398E6 /* Profile.storyboard */; };
		4773640A1DBE02FE005398E6 /* MainViewController.swift in Sources */ = {isa = PBXBuildFile; fileRef = 477364071DBE02FE005398E6 /* MainViewController.swift */; };
		4773640C1DBE049C005398E6 /* HomeViewController.swift in Sources */ = {isa = PBXBuildFile; fileRef = 4773640B1DBE049C005398E6 /* HomeViewController.swift */; };
		4773640F1DBE095F005398E6 /* UIBarButtonItem-Extension.swift in Sources */ = {isa = PBXBuildFile; fileRef = 4773640E1DBE095F005398E6 /* UIBarButtonItem-Extension.swift */; };
		477364111DBE18F7005398E6 /* PageTitleView.swift in Sources */ = {isa = PBXBuildFile; fileRef = 477364101DBE18F7005398E6 /* PageTitleView.swift */; };
		477364131DBE1AFD005398E6 /* Common.swift in Sources */ = {isa = PBXBuildFile; fileRef = 477364121DBE1AFD005398E6 /* Common.swift */; };
		477FC73C1DC6E8D900FAAF5D /* CommendViewController.swift in Sources */ = {isa = PBXBuildFile; fileRef = 477FC73B1DC6E8D900FAAF5D /* CommendViewController.swift */; };
		4797EC751DBEFC4700D85AFD /* PageContentView.swift in Sources */ = {isa = PBXBuildFile; fileRef = 4797EC741DBEFC4700D85AFD /* PageContentView.swift */; };
		47A5FA821DC74A5600173D3C /* NetWorkTools.swift in Sources */ = {isa = PBXBuildFile; fileRef = 47A5FA811DC74A5600173D3C /* NetWorkTools.swift */; };
		47A5FA851DC7561500173D3C /* CommendViewModel.swift in Sources */ = {isa = PBXBuildFile; fileRef = 47A5FA841DC7561500173D3C /* CommendViewModel.swift */; };
		47A5FA871DC76E4700173D3C /* NSDate-Extension.swift in Sources */ = {isa = PBXBuildFile; fileRef = 47A5FA861DC76E4700173D3C /* NSDate-Extension.swift */; };
		47A5FA891DC7729600173D3C /* AnchorGroup.swift in Sources */ = {isa = PBXBuildFile; fileRef = 47A5FA881DC7729500173D3C /* AnchorGroup.swift */; };
		47A5FA8B1DC776B400173D3C /* AnchorModel.swift in Sources */ = {isa = PBXBuildFile; fileRef = 47A5FA8A1DC776B400173D3C /* AnchorModel.swift */; };
		47F778361DD46FD10013BC9A /* HomeCycleView.swift in Sources */ = {isa = PBXBuildFile; fileRef = 47F778351DD46FD10013BC9A /* HomeCycleView.swift */; };
		47F778381DD46FE00013BC9A /* HomeCycleView.xib in Resources */ = {isa = PBXBuildFile; fileRef = 47F778371DD46FE00013BC9A /* HomeCycleView.xib */; };
		47FD89961DBF46CF00CC2BCE /* UIColor-Extension.swift in Sources */ = {isa = PBXBuildFile; fileRef = 47FD89951DBF46CF00CC2BCE /* UIColor-Extension.swift */; };
		DC401365FE305E100EC66AEE /* Pods_DouyuTV.framework in Frameworks */ = {isa = PBXBuildFile; fileRef = F620AA2ED472E50008BF0DA7 /* Pods_DouyuTV.framework */; };
/* End PBXBuildFile section */

/* Begin PBXContainerItemProxy section */
		477363D01DBDDE68005398E6 /* PBXContainerItemProxy */ = {
			isa = PBXContainerItemProxy;
			containerPortal = 477363B31DBDDE68005398E6 /* Project object */;
			proxyType = 1;
			remoteGlobalIDString = 477363BA1DBDDE68005398E6;
			remoteInfo = DouyuTV;
		};
		477363DB1DBDDE68005398E6 /* PBXContainerItemProxy */ = {
			isa = PBXContainerItemProxy;
			containerPortal = 477363B31DBDDE68005398E6 /* Project object */;
			proxyType = 1;
			remoteGlobalIDString = 477363BA1DBDDE68005398E6;
			remoteInfo = DouyuTV;
		};
/* End PBXContainerItemProxy section */

/* Begin PBXFileReference section */
		31B78449B20A3C7007386401 /* Pods-DouyuTV.debug.xcconfig */ = {isa = PBXFileReference; includeInIndex = 1; lastKnownFileType = text.xcconfig; name = "Pods-DouyuTV.debug.xcconfig"; path = "Pods/Target Support Files/Pods-DouyuTV/Pods-DouyuTV.debug.xcconfig"; sourceTree = "<group>"; };
		475299DB1DC8720800DB21F5 /* CollectionBaseCell.swift */ = {isa = PBXFileReference; fileEncoding = 4; lastKnownFileType = sourcecode.swift; path = CollectionBaseCell.swift; sourceTree = "<group>"; };
		4770E9B31DC6F8DF004703AC /* CollectionHeaderView.swift */ = {isa = PBXFileReference; fileEncoding = 4; lastKnownFileType = sourcecode.swift; path = CollectionHeaderView.swift; sourceTree = "<group>"; };
		4770E9B41DC6F8DF004703AC /* CollectionHeaderView.xib */ = {isa = PBXFileReference; fileEncoding = 4; lastKnownFileType = file.xib; path = CollectionHeaderView.xib; sourceTree = "<group>"; };
		4770E9B71DC6FED6004703AC /* CollectionNormalCell.swift */ = {isa = PBXFileReference; fileEncoding = 4; lastKnownFileType = sourcecode.swift; path = CollectionNormalCell.swift; sourceTree = "<group>"; };
		4770E9B81DC6FED6004703AC /* CollectionNormalCell.xib */ = {isa = PBXFileReference; fileEncoding = 4; lastKnownFileType = file.xib; path = CollectionNormalCell.xib; sourceTree = "<group>"; };
		4770E9BB1DC7331F004703AC /* CollectionPrettyCell.swift */ = {isa = PBXFileReference; fileEncoding = 4; lastKnownFileType = sourcecode.swift; path = CollectionPrettyCell.swift; sourceTree = "<group>"; };
		4770E9BC1DC7331F004703AC /* CollectionPrettyCell.xib */ = {isa = PBXFileReference; fileEncoding = 4; lastKnownFileType = file.xib; path = CollectionPrettyCell.xib; sourceTree = "<group>"; };
		477363BB1DBDDE68005398E6 /* DouyuTV.app */ = {isa = PBXFileReference; explicitFileType = wrapper.application; includeInIndex = 0; path = DouyuTV.app; sourceTree = BUILT_PRODUCTS_DIR; };
		477363BE1DBDDE68005398E6 /* AppDelegate.swift */ = {isa = PBXFileReference; lastKnownFileType = sourcecode.swift; path = AppDelegate.swift; sourceTree = "<group>"; };
		477363C31DBDDE68005398E6 /* Base */ = {isa = PBXFileReference; lastKnownFileType = file.storyboard; name = Base; path = Base.lproj/Main.storyboard; sourceTree = "<group>"; };
		477363C51DBDDE68005398E6 /* Assets.xcassets */ = {isa = PBXFileReference; lastKnownFileType = folder.assetcatalog; path = Assets.xcassets; sourceTree = "<group>"; };
		477363C81DBDDE68005398E6 /* Base */ = {isa = PBXFileReference; lastKnownFileType = file.storyboard; name = Base; path = Base.lproj/LaunchScreen.storyboard; sourceTree = "<group>"; };
		477363CA1DBDDE68005398E6 /* Info.plist */ = {isa = PBXFileReference; lastKnownFileType = text.plist.xml; path = Info.plist; sourceTree = "<group>"; };
		477363CF1DBDDE68005398E6 /* DouyuTVTests.xctest */ = {isa = PBXFileReference; explicitFileType = wrapper.cfbundle; includeInIndex = 0; path = DouyuTVTests.xctest; sourceTree = BUILT_PRODUCTS_DIR; };
		477363D31DBDDE68005398E6 /* DouyuTVTests.swift */ = {isa = PBXFileReference; lastKnownFileType = sourcecode.swift; path = DouyuTVTests.swift; sourceTree = "<group>"; };
		477363D51DBDDE68005398E6 /* Info.plist */ = {isa = PBXFileReference; lastKnownFileType = text.plist.xml; path = Info.plist; sourceTree = "<group>"; };
		477363DA1DBDDE68005398E6 /* DouyuTVUITests.xctest */ = {isa = PBXFileReference; explicitFileType = wrapper.cfbundle; includeInIndex = 0; path = DouyuTVUITests.xctest; sourceTree = BUILT_PRODUCTS_DIR; };
		477363DE1DBDDE68005398E6 /* DouyuTVUITests.swift */ = {isa = PBXFileReference; lastKnownFileType = sourcecode.swift; path = DouyuTVUITests.swift; sourceTree = "<group>"; };
		477363E01DBDDE68005398E6 /* Info.plist */ = {isa = PBXFileReference; lastKnownFileType = text.plist.xml; path = Info.plist; sourceTree = "<group>"; };
		477363F61DBDFD01005398E6 /* Base */ = {isa = PBXFileReference; lastKnownFileType = file.storyboard; name = Base; path = DouyuTV/Base.lproj/Home.storyboard; sourceTree = SOURCE_ROOT; };
		477363F81DBDFD1F005398E6 /* Live.storyboard */ = {isa = PBXFileReference; fileEncoding = 4; lastKnownFileType = file.storyboard; name = Live.storyboard; path = ../Main/Live.storyboard; sourceTree = "<group>"; };
		477363FB1DBDFD38005398E6 /* Base */ = {isa = PBXFileReference; lastKnownFileType = file.storyboard; name = Base; path = DouyuTV/Base.lproj/Follow.storyboard; sourceTree = SOURCE_ROOT; };
		477363FD1DBDFD4E005398E6 /* Profile.storyboard */ = {isa = PBXFileReference; fileEncoding = 4; lastKnownFileType = file.storyboard; name = Profile.storyboard; path = ../Main/Profile.storyboard; sourceTree = "<group>"; };
		477364071DBE02FE005398E6 /* MainViewController.swift */ = {isa = PBXFileReference; fileEncoding = 4; lastKnownFileType = sourcecode.swift; path = MainViewController.swift; sourceTree = "<group>"; };
		4773640B1DBE049C005398E6 /* HomeViewController.swift */ = {isa = PBXFileReference; fileEncoding = 4; lastKnownFileType = sourcecode.swift; path = HomeViewController.swift; sourceTree = "<group>"; };
		4773640E1DBE095F005398E6 /* UIBarButtonItem-Extension.swift */ = {isa = PBXFileReference; fileEncoding = 4; lastKnownFileType = sourcecode.swift; path = "UIBarButtonItem-Extension.swift"; sourceTree = "<group>"; };
		477364101DBE18F7005398E6 /* PageTitleView.swift */ = {isa = PBXFileReference; fileEncoding = 4; lastKnownFileType = sourcecode.swift; path = PageTitleView.swift; sourceTree = "<group>"; };
		477364121DBE1AFD005398E6 /* Common.swift */ = {isa = PBXFileReference; fileEncoding = 4; lastKnownFileType = sourcecode.swift; path = Common.swift; sourceTree = "<group>"; };
		477FC73B1DC6E8D900FAAF5D /* CommendViewController.swift */ = {isa = PBXFileReference; fileEncoding = 4; lastKnownFileType = sourcecode.swift; path = CommendViewController.swift; sourceTree = "<group>"; };
		4797EC741DBEFC4700D85AFD /* PageContentView.swift */ = {isa = PBXFileReference; fileEncoding = 4; lastKnownFileType = sourcecode.swift; path = PageContentView.swift; sourceTree = "<group>"; };
		47A5FA811DC74A5600173D3C /* NetWorkTools.swift */ = {isa = PBXFileReference; fileEncoding = 4; lastKnownFileType = sourcecode.swift; path = NetWorkTools.swift; sourceTree = "<group>"; };
		47A5FA841DC7561500173D3C /* CommendViewModel.swift */ = {isa = PBXFileReference; fileEncoding = 4; lastKnownFileType = sourcecode.swift; path = CommendViewModel.swift; sourceTree = "<group>"; };
		47A5FA861DC76E4700173D3C /* NSDate-Extension.swift */ = {isa = PBXFileReference; fileEncoding = 4; lastKnownFileType = sourcecode.swift; path = "NSDate-Extension.swift"; sourceTree = "<group>"; };
		47A5FA881DC7729500173D3C /* AnchorGroup.swift */ = {isa = PBXFileReference; fileEncoding = 4; lastKnownFileType = sourcecode.swift; path = AnchorGroup.swift; sourceTree = "<group>"; };
		47A5FA8A1DC776B400173D3C /* AnchorModel.swift */ = {isa = PBXFileReference; fileEncoding = 4; lastKnownFileType = sourcecode.swift; path = AnchorModel.swift; sourceTree = "<group>"; };
		47F778351DD46FD10013BC9A /* HomeCycleView.swift */ = {isa = PBXFileReference; fileEncoding = 4; lastKnownFileType = sourcecode.swift; path = HomeCycleView.swift; sourceTree = "<group>"; };
		47F778371DD46FE00013BC9A /* HomeCycleView.xib */ = {isa = PBXFileReference; fileEncoding = 4; lastKnownFileType = file.xib; path = HomeCycleView.xib; sourceTree = "<group>"; };
		47FD89951DBF46CF00CC2BCE /* UIColor-Extension.swift */ = {isa = PBXFileReference; fileEncoding = 4; lastKnownFileType = sourcecode.swift; path = "UIColor-Extension.swift"; sourceTree = "<group>"; };
		B5230624601236FC2B5D7A30 /* Pods-DouyuTV.release.xcconfig */ = {isa = PBXFileReference; includeInIndex = 1; lastKnownFileType = text.xcconfig; name = "Pods-DouyuTV.release.xcconfig"; path = "Pods/Target Support Files/Pods-DouyuTV/Pods-DouyuTV.release.xcconfig"; sourceTree = "<group>"; };
		F620AA2ED472E50008BF0DA7 /* Pods_DouyuTV.framework */ = {isa = PBXFileReference; explicitFileType = wrapper.framework; includeInIndex = 0; path = Pods_DouyuTV.framework; sourceTree = BUILT_PRODUCTS_DIR; };
/* End PBXFileReference section */

/* Begin PBXFrameworksBuildPhase section */
		477363B81DBDDE68005398E6 /* Frameworks */ = {
			isa = PBXFrameworksBuildPhase;
			buildActionMask = 2147483647;
			files = (
				DC401365FE305E100EC66AEE /* Pods_DouyuTV.framework in Frameworks */,
			);
			runOnlyForDeploymentPostprocessing = 0;
		};
		477363CC1DBDDE68005398E6 /* Frameworks */ = {
			isa = PBXFrameworksBuildPhase;
			buildActionMask = 2147483647;
			files = (
			);
			runOnlyForDeploymentPostprocessing = 0;
		};
		477363D71DBDDE68005398E6 /* Frameworks */ = {
			isa = PBXFrameworksBuildPhase;
			buildActionMask = 2147483647;
			files = (
			);
			runOnlyForDeploymentPostprocessing = 0;
		};
/* End PBXFrameworksBuildPhase section */

/* Begin PBXGroup section */
		477363B21DBDDE68005398E6 = {
			isa = PBXGroup;
			children = (
				477363BD1DBDDE68005398E6 /* DouyuTV */,
				477363D21DBDDE68005398E6 /* DouyuTVTests */,
				477363DD1DBDDE68005398E6 /* DouyuTVUITests */,
				477363BC1DBDDE68005398E6 /* Products */,
				CB1FB588D3E6463A2859BBEF /* Pods */,
				71C3D0A1FA9B16CC65DDEC5C /* Frameworks */,
			);
			sourceTree = "<group>";
		};
		477363BC1DBDDE68005398E6 /* Products */ = {
			isa = PBXGroup;
			children = (
				477363BB1DBDDE68005398E6 /* DouyuTV.app */,
				477363CF1DBDDE68005398E6 /* DouyuTVTests.xctest */,
				477363DA1DBDDE68005398E6 /* DouyuTVUITests.xctest */,
			);
			name = Products;
			sourceTree = "<group>";
		};
		477363BD1DBDDE68005398E6 /* DouyuTV */ = {
			isa = PBXGroup;
			children = (
				477363EE1DBDF68B005398E6 /* Classes */,
				477363BE1DBDDE68005398E6 /* AppDelegate.swift */,
				477363C51DBDDE68005398E6 /* Assets.xcassets */,
				477363C71DBDDE68005398E6 /* LaunchScreen.storyboard */,
				477363CA1DBDDE68005398E6 /* Info.plist */,
			);
			path = DouyuTV;
			sourceTree = "<group>";
		};
		477363D21DBDDE68005398E6 /* DouyuTVTests */ = {
			isa = PBXGroup;
			children = (
				477363D31DBDDE68005398E6 /* DouyuTVTests.swift */,
				477363D51DBDDE68005398E6 /* Info.plist */,
			);
			path = DouyuTVTests;
			sourceTree = "<group>";
		};
		477363DD1DBDDE68005398E6 /* DouyuTVUITests */ = {
			isa = PBXGroup;
			children = (
				477363DE1DBDDE68005398E6 /* DouyuTVUITests.swift */,
				477363E01DBDDE68005398E6 /* Info.plist */,
			);
			path = DouyuTVUITests;
			sourceTree = "<group>";
		};
		477363EE1DBDF68B005398E6 /* Classes */ = {
			isa = PBXGroup;
			children = (
				477363F41DBDF68B005398E6 /* Tools */,
				477363F31DBDF68B005398E6 /* Profile */,
				477363EF1DBDF68B005398E6 /* Follow */,
				477363F11DBDF68B005398E6 /* Live */,
				477363F01DBDF68B005398E6 /* Home */,
				477363F21DBDF68B005398E6 /* Main */,
			);
			path = Classes;
			sourceTree = "<group>";
		};
		477363EF1DBDF68B005398E6 /* Follow */ = {
			isa = PBXGroup;
			children = (
				477363FA1DBDFD38005398E6 /* Follow.storyboard */,
			);
			path = Follow;
			sourceTree = "<group>";
		};
		477363F01DBDF68B005398E6 /* Home */ = {
			isa = PBXGroup;
			children = (
				47A5FA831DC7558B00173D3C /* ViewModel */,
				477364041DBE02F1005398E6 /* Model */,
				477364051DBE02F1005398E6 /* View */,
				477364031DBE02F1005398E6 /* Controller */,
			);
			path = Home;
			sourceTree = "<group>";
		};
		477363F11DBDF68B005398E6 /* Live */ = {
			isa = PBXGroup;
			children = (
				477363F81DBDFD1F005398E6 /* Live.storyboard */,
			);
			path = Live;
			sourceTree = "<group>";
		};
		477363F21DBDF68B005398E6 /* Main */ = {
			isa = PBXGroup;
			children = (
				477364081DBE02FE005398E6 /* Model */,
				477364091DBE02FE005398E6 /* View */,
				477364061DBE02FE005398E6 /* Controller */,
				477363C21DBDDE68005398E6 /* Main.storyboard */,
			);
			path = Main;
			sourceTree = "<group>";
		};
		477363F31DBDF68B005398E6 /* Profile */ = {
			isa = PBXGroup;
			children = (
				477363FD1DBDFD4E005398E6 /* Profile.storyboard */,
			);
			path = Profile;
			sourceTree = "<group>";
		};
		477363F41DBDF68B005398E6 /* Tools */ = {
			isa = PBXGroup;
			children = (
				4773640D1DBE0935005398E6 /* Extension */,
				477364121DBE1AFD005398E6 /* Common.swift */,
				47A5FA811DC74A5600173D3C /* NetWorkTools.swift */,
			);
			path = Tools;
			sourceTree = "<group>";
		};
		477364031DBE02F1005398E6 /* Controller */ = {
			isa = PBXGroup;
			children = (
				477363F51DBDFD01005398E6 /* Home.storyboard */,
				4773640B1DBE049C005398E6 /* HomeViewController.swift */,
				477FC73B1DC6E8D900FAAF5D /* CommendViewController.swift */,
			);
			path = Controller;
			sourceTree = "<group>";
		};
		477364041DBE02F1005398E6 /* Model */ = {
			isa = PBXGroup;
			children = (
			);
			path = Model;
			sourceTree = "<group>";
		};
		477364051DBE02F1005398E6 /* View */ = {
			isa = PBXGroup;
			children = (
				4770E9B31DC6F8DF004703AC /* CollectionHeaderView.swift */,
				4770E9B41DC6F8DF004703AC /* CollectionHeaderView.xib */,
				47F778351DD46FD10013BC9A /* HomeCycleView.swift */,
				47F778371DD46FE00013BC9A /* HomeCycleView.xib */,
			);
			path = View;
			sourceTree = "<group>";
		};
		477364061DBE02FE005398E6 /* Controller */ = {
			isa = PBXGroup;
			children = (
				477364071DBE02FE005398E6 /* MainViewController.swift */,
			);
			path = Controller;
			sourceTree = "<group>";
		};
		477364081DBE02FE005398E6 /* Model */ = {
			isa = PBXGroup;
			children = (
				47A5FA881DC7729500173D3C /* AnchorGroup.swift */,
				47A5FA8A1DC776B400173D3C /* AnchorModel.swift */,
			);
			path = Model;
			sourceTree = "<group>";
		};
		477364091DBE02FE005398E6 /* View */ = {
			isa = PBXGroup;
			children = (
				477364101DBE18F7005398E6 /* PageTitleView.swift */,
				4797EC741DBEFC4700D85AFD /* PageContentView.swift */,
				4770E9B71DC6FED6004703AC /* CollectionNormalCell.swift */,
				4770E9B81DC6FED6004703AC /* CollectionNormalCell.xib */,
				4770E9BB1DC7331F004703AC /* CollectionPrettyCell.swift */,
				4770E9BC1DC7331F004703AC /* CollectionPrettyCell.xib */,
				475299DB1DC8720800DB21F5 /* CollectionBaseCell.swift */,
			);
			path = View;
			sourceTree = "<group>";
		};
		4773640D1DBE0935005398E6 /* Extension */ = {
			isa = PBXGroup;
			children = (
				4773640E1DBE095F005398E6 /* UIBarButtonItem-Extension.swift */,
				47FD89951DBF46CF00CC2BCE /* UIColor-Extension.swift */,
				47A5FA861DC76E4700173D3C /* NSDate-Extension.swift */,
			);
			path = Extension;
			sourceTree = "<group>";
		};
		47A5FA831DC7558B00173D3C /* ViewModel */ = {
			isa = PBXGroup;
			children = (
				47A5FA841DC7561500173D3C /* CommendViewModel.swift */,
			);
			path = ViewModel;
			sourceTree = "<group>";
		};
		71C3D0A1FA9B16CC65DDEC5C /* Frameworks */ = {
			isa = PBXGroup;
			children = (
				F620AA2ED472E50008BF0DA7 /* Pods_DouyuTV.framework */,
			);
			name = Frameworks;
			sourceTree = "<group>";
		};
		CB1FB588D3E6463A2859BBEF /* Pods */ = {
			isa = PBXGroup;
			children = (
				31B78449B20A3C7007386401 /* Pods-DouyuTV.debug.xcconfig */,
				B5230624601236FC2B5D7A30 /* Pods-DouyuTV.release.xcconfig */,
			);
			name = Pods;
			sourceTree = "<group>";
		};
/* End PBXGroup section */

/* Begin PBXNativeTarget section */
		477363BA1DBDDE68005398E6 /* DouyuTV */ = {
			isa = PBXNativeTarget;
			buildConfigurationList = 477363E31DBDDE68005398E6 /* Build configuration list for PBXNativeTarget "DouyuTV" */;
			buildPhases = (
				59A9CF57533CF3B1AEFC717D /* [CP] Check Pods Manifest.lock */,
				477363B71DBDDE68005398E6 /* Sources */,
				477363B81DBDDE68005398E6 /* Frameworks */,
				477363B91DBDDE68005398E6 /* Resources */,
				15A8A82E7BD2C0CDB24F0CCE /* [CP] Embed Pods Frameworks */,
				9749BD4CB8469781C938EDE4 /* [CP] Copy Pods Resources */,
			);
			buildRules = (
			);
			dependencies = (
			);
			name = DouyuTV;
			productName = DouyuTV;
			productReference = 477363BB1DBDDE68005398E6 /* DouyuTV.app */;
			productType = "com.apple.product-type.application";
		};
		477363CE1DBDDE68005398E6 /* DouyuTVTests */ = {
			isa = PBXNativeTarget;
			buildConfigurationList = 477363E61DBDDE68005398E6 /* Build configuration list for PBXNativeTarget "DouyuTVTests" */;
			buildPhases = (
				477363CB1DBDDE68005398E6 /* Sources */,
				477363CC1DBDDE68005398E6 /* Frameworks */,
				477363CD1DBDDE68005398E6 /* Resources */,
			);
			buildRules = (
			);
			dependencies = (
				477363D11DBDDE68005398E6 /* PBXTargetDependency */,
			);
			name = DouyuTVTests;
			productName = DouyuTVTests;
			productReference = 477363CF1DBDDE68005398E6 /* DouyuTVTests.xctest */;
			productType = "com.apple.product-type.bundle.unit-test";
		};
		477363D91DBDDE68005398E6 /* DouyuTVUITests */ = {
			isa = PBXNativeTarget;
			buildConfigurationList = 477363E91DBDDE68005398E6 /* Build configuration list for PBXNativeTarget "DouyuTVUITests" */;
			buildPhases = (
				477363D61DBDDE68005398E6 /* Sources */,
				477363D71DBDDE68005398E6 /* Frameworks */,
				477363D81DBDDE68005398E6 /* Resources */,
			);
			buildRules = (
			);
			dependencies = (
				477363DC1DBDDE68005398E6 /* PBXTargetDependency */,
			);
			name = DouyuTVUITests;
			productName = DouyuTVUITests;
			productReference = 477363DA1DBDDE68005398E6 /* DouyuTVUITests.xctest */;
			productType = "com.apple.product-type.bundle.ui-testing";
		};
/* End PBXNativeTarget section */

/* Begin PBXProject section */
		477363B31DBDDE68005398E6 /* Project object */ = {
			isa = PBXProject;
			attributes = {
				LastSwiftUpdateCheck = 0800;
				LastUpgradeCheck = 0800;
				ORGANIZATIONNAME = "刘明";
				TargetAttributes = {
					477363BA1DBDDE68005398E6 = {
						CreatedOnToolsVersion = 8.0;
						ProvisioningStyle = Automatic;
					};
					477363CE1DBDDE68005398E6 = {
						CreatedOnToolsVersion = 8.0;
						ProvisioningStyle = Automatic;
						TestTargetID = 477363BA1DBDDE68005398E6;
					};
					477363D91DBDDE68005398E6 = {
						CreatedOnToolsVersion = 8.0;
						ProvisioningStyle = Automatic;
						TestTargetID = 477363BA1DBDDE68005398E6;
					};
				};
			};
			buildConfigurationList = 477363B61DBDDE68005398E6 /* Build configuration list for PBXProject "DouyuTV" */;
			compatibilityVersion = "Xcode 3.2";
			developmentRegion = English;
			hasScannedForEncodings = 0;
			knownRegions = (
				en,
				Base,
			);
			mainGroup = 477363B21DBDDE68005398E6;
			productRefGroup = 477363BC1DBDDE68005398E6 /* Products */;
			projectDirPath = "";
			projectRoot = "";
			targets = (
				477363BA1DBDDE68005398E6 /* DouyuTV */,
				477363CE1DBDDE68005398E6 /* DouyuTVTests */,
				477363D91DBDDE68005398E6 /* DouyuTVUITests */,
			);
		};
/* End PBXProject section */

/* Begin PBXResourcesBuildPhase section */
		477363B91DBDDE68005398E6 /* Resources */ = {
			isa = PBXResourcesBuildPhase;
			buildActionMask = 2147483647;
			files = (
				47F778381DD46FE00013BC9A /* HomeCycleView.xib in Resources */,
				477363C91DBDDE68005398E6 /* LaunchScreen.storyboard in Resources */,
				4770E9B61DC6F8DF004703AC /* CollectionHeaderView.xib in Resources */,
				4770E9BA1DC6FED6004703AC /* CollectionNormalCell.xib in Resources */,
				477363C61DBDDE68005398E6 /* Assets.xcassets in Resources */,
				477363C41DBDDE68005398E6 /* Main.storyboard in Resources */,
				477363F91DBDFD1F005398E6 /* Live.storyboard in Resources */,
				477363F71DBDFD01005398E6 /* Home.storyboard in Resources */,
				4770E9BE1DC7331F004703AC /* CollectionPrettyCell.xib in Resources */,
				477363FE1DBDFD4E005398E6 /* Profile.storyboard in Resources */,
				477363FC1DBDFD38005398E6 /* Follow.storyboard in Resources */,
			);
			runOnlyForDeploymentPostprocessing = 0;
		};
		477363CD1DBDDE68005398E6 /* Resources */ = {
			isa = PBXResourcesBuildPhase;
			buildActionMask = 2147483647;
			files = (
			);
			runOnlyForDeploymentPostprocessing = 0;
		};
		477363D81DBDDE68005398E6 /* Resources */ = {
			isa = PBXResourcesBuildPhase;
			buildActionMask = 2147483647;
			files = (
			);
			runOnlyForDeploymentPostprocessing = 0;
		};
/* End PBXResourcesBuildPhase section */

/* Begin PBXShellScriptBuildPhase section */
		15A8A82E7BD2C0CDB24F0CCE /* [CP] Embed Pods Frameworks */ = {
			isa = PBXShellScriptBuildPhase;
			buildActionMask = 2147483647;
			files = (
			);
			inputPaths = (
			);
			name = "[CP] Embed Pods Frameworks";
			outputPaths = (
			);
			runOnlyForDeploymentPostprocessing = 0;
			shellPath = /bin/sh;
			shellScript = "\"${SRCROOT}/Pods/Target Support Files/Pods-DouyuTV/Pods-DouyuTV-frameworks.sh\"\n";
			showEnvVarsInLog = 0;
		};
		59A9CF57533CF3B1AEFC717D /* [CP] Check Pods Manifest.lock */ = {
			isa = PBXShellScriptBuildPhase;
			buildActionMask = 2147483647;
			files = (
			);
			inputPaths = (
			);
			name = "[CP] Check Pods Manifest.lock";
			outputPaths = (
			);
			runOnlyForDeploymentPostprocessing = 0;
			shellPath = /bin/sh;
			shellScript = "diff \"${PODS_ROOT}/../Podfile.lock\" \"${PODS_ROOT}/Manifest.lock\" > /dev/null\nif [ $? != 0 ] ; then\n    # print error to STDERR\n    echo \"error: The sandbox is not in sync with the Podfile.lock. Run 'pod install' or update your CocoaPods installation.\" >&2\n    exit 1\nfi\n";
			showEnvVarsInLog = 0;
		};
		9749BD4CB8469781C938EDE4 /* [CP] Copy Pods Resources */ = {
			isa = PBXShellScriptBuildPhase;
			buildActionMask = 2147483647;
			files = (
			);
			inputPaths = (
			);
			name = "[CP] Copy Pods Resources";
			outputPaths = (
			);
			runOnlyForDeploymentPostprocessing = 0;
			shellPath = /bin/sh;
			shellScript = "\"${SRCROOT}/Pods/Target Support Files/Pods-DouyuTV/Pods-DouyuTV-resources.sh\"\n";
			showEnvVarsInLog = 0;
		};
/* End PBXShellScriptBuildPhase section */

/* Begin PBXSourcesBuildPhase section */
		477363B71DBDDE68005398E6 /* Sources */ = {
			isa = PBXSourcesBuildPhase;
			buildActionMask = 2147483647;
			files = (
				4773640F1DBE095F005398E6 /* UIBarButtonItem-Extension.swift in Sources */,
				4770E9B51DC6F8DF004703AC /* CollectionHeaderView.swift in Sources */,
				47FD89961DBF46CF00CC2BCE /* UIColor-Extension.swift in Sources */,
				477363BF1DBDDE68005398E6 /* AppDelegate.swift in Sources */,
				47A5FA891DC7729600173D3C /* AnchorGroup.swift in Sources */,
				477364111DBE18F7005398E6 /* PageTitleView.swift in Sources */,
				47A5FA821DC74A5600173D3C /* NetWorkTools.swift in Sources */,
				47F778361DD46FD10013BC9A /* HomeCycleView.swift in Sources */,
				4797EC751DBEFC4700D85AFD /* PageContentView.swift in Sources */,
				4773640A1DBE02FE005398E6 /* MainViewController.swift in Sources */,
				477364131DBE1AFD005398E6 /* Common.swift in Sources */,
				4773640C1DBE049C005398E6 /* HomeViewController.swift in Sources */,
				47A5FA871DC76E4700173D3C /* NSDate-Extension.swift in Sources */,
				475299DC1DC8720800DB21F5 /* CollectionBaseCell.swift in Sources */,
				4770E9BD1DC7331F004703AC /* CollectionPrettyCell.swift in Sources */,
				4770E9B91DC6FED6004703AC /* CollectionNormalCell.swift in Sources */,
				47A5FA851DC7561500173D3C /* CommendViewModel.swift in Sources */,
				477FC73C1DC6E8D900FAAF5D /* CommendViewController.swift in Sources */,
				47A5FA8B1DC776B400173D3C /* AnchorModel.swift in Sources */,
			);
			runOnlyForDeploymentPostprocessing = 0;
		};
		477363CB1DBDDE68005398E6 /* Sources */ = {
			isa = PBXSourcesBuildPhase;
			buildActionMask = 2147483647;
			files = (
				477363D41DBDDE68005398E6 /* DouyuTVTests.swift in Sources */,
			);
			runOnlyForDeploymentPostprocessing = 0;
		};
		477363D61DBDDE68005398E6 /* Sources */ = {
			isa = PBXSourcesBuildPhase;
			buildActionMask = 2147483647;
			files = (
				477363DF1DBDDE68005398E6 /* DouyuTVUITests.swift in Sources */,
			);
			runOnlyForDeploymentPostprocessing = 0;
		};
/* End PBXSourcesBuildPhase section */

/* Begin PBXTargetDependency section */
		477363D11DBDDE68005398E6 /* PBXTargetDependency */ = {
			isa = PBXTargetDependency;
			target = 477363BA1DBDDE68005398E6 /* DouyuTV */;
			targetProxy = 477363D01DBDDE68005398E6 /* PBXContainerItemProxy */;
		};
		477363DC1DBDDE68005398E6 /* PBXTargetDependency */ = {
			isa = PBXTargetDependency;
			target = 477363BA1DBDDE68005398E6 /* DouyuTV */;
			targetProxy = 477363DB1DBDDE68005398E6 /* PBXContainerItemProxy */;
		};
/* End PBXTargetDependency section */

/* Begin PBXVariantGroup section */
		477363C21DBDDE68005398E6 /* Main.storyboard */ = {
			isa = PBXVariantGroup;
			children = (
				477363C31DBDDE68005398E6 /* Base */,
			);
			name = Main.storyboard;
			path = ../..;
			sourceTree = "<group>";
		};
		477363C71DBDDE68005398E6 /* LaunchScreen.storyboard */ = {
			isa = PBXVariantGroup;
			children = (
				477363C81DBDDE68005398E6 /* Base */,
			);
			name = LaunchScreen.storyboard;
			sourceTree = "<group>";
		};
		477363F51DBDFD01005398E6 /* Home.storyboard */ = {
			isa = PBXVariantGroup;
			children = (
				477363F61DBDFD01005398E6 /* Base */,
			);
			name = Home.storyboard;
			path = ../../Main;
			sourceTree = "<group>";
		};
		477363FA1DBDFD38005398E6 /* Follow.storyboard */ = {
			isa = PBXVariantGroup;
			children = (
				477363FB1DBDFD38005398E6 /* Base */,
			);
			name = Follow.storyboard;
			path = ../Main;
			sourceTree = "<group>";
		};
/* End PBXVariantGroup section */

/* Begin XCBuildConfiguration section */
		477363E11DBDDE68005398E6 /* Debug */ = {
			isa = XCBuildConfiguration;
			buildSettings = {
				ALWAYS_SEARCH_USER_PATHS = NO;
				CLANG_ANALYZER_NONNULL = YES;
				CLANG_CXX_LANGUAGE_STANDARD = "gnu++0x";
				CLANG_CXX_LIBRARY = "libc++";
				CLANG_ENABLE_MODULES = YES;
				CLANG_ENABLE_OBJC_ARC = YES;
				CLANG_WARN_BOOL_CONVERSION = YES;
				CLANG_WARN_CONSTANT_CONVERSION = YES;
				CLANG_WARN_DIRECT_OBJC_ISA_USAGE = YES_ERROR;
				CLANG_WARN_DOCUMENTATION_COMMENTS = YES;
				CLANG_WARN_EMPTY_BODY = YES;
				CLANG_WARN_ENUM_CONVERSION = YES;
				CLANG_WARN_INFINITE_RECURSION = YES;
				CLANG_WARN_INT_CONVERSION = YES;
				CLANG_WARN_OBJC_ROOT_CLASS = YES_ERROR;
				CLANG_WARN_SUSPICIOUS_MOVES = YES;
				CLANG_WARN_UNREACHABLE_CODE = YES;
				CLANG_WARN__DUPLICATE_METHOD_MATCH = YES;
				"CODE_SIGN_IDENTITY[sdk=iphoneos*]" = "iPhone Developer";
				COPY_PHASE_STRIP = NO;
				DEBUG_INFORMATION_FORMAT = dwarf;
				ENABLE_STRICT_OBJC_MSGSEND = YES;
				ENABLE_TESTABILITY = YES;
				GCC_C_LANGUAGE_STANDARD = gnu99;
				GCC_DYNAMIC_NO_PIC = NO;
				GCC_NO_COMMON_BLOCKS = YES;
				GCC_OPTIMIZATION_LEVEL = 0;
				GCC_PREPROCESSOR_DEFINITIONS = (
					"DEBUG=1",
					"$(inherited)",
				);
				GCC_WARN_64_TO_32_BIT_CONVERSION = YES;
				GCC_WARN_ABOUT_RETURN_TYPE = YES_ERROR;
				GCC_WARN_UNDECLARED_SELECTOR = YES;
				GCC_WARN_UNINITIALIZED_AUTOS = YES_AGGRESSIVE;
				GCC_WARN_UNUSED_FUNCTION = YES;
				GCC_WARN_UNUSED_VARIABLE = YES;
				IPHONEOS_DEPLOYMENT_TARGET = 10.0;
				MTL_ENABLE_DEBUG_INFO = YES;
				ONLY_ACTIVE_ARCH = YES;
				SDKROOT = iphoneos;
				SWIFT_ACTIVE_COMPILATION_CONDITIONS = DEBUG;
				SWIFT_OPTIMIZATION_LEVEL = "-Onone";
				TARGETED_DEVICE_FAMILY = "1,2";
			};
			name = Debug;
		};
		477363E21DBDDE68005398E6 /* Release */ = {
			isa = XCBuildConfiguration;
			buildSettings = {
				ALWAYS_SEARCH_USER_PATHS = NO;
				CLANG_ANALYZER_NONNULL = YES;
				CLANG_CXX_LANGUAGE_STANDARD = "gnu++0x";
				CLANG_CXX_LIBRARY = "libc++";
				CLANG_ENABLE_MODULES = YES;
				CLANG_ENABLE_OBJC_ARC = YES;
				CLANG_WARN_BOOL_CONVERSION = YES;
				CLANG_WARN_CONSTANT_CONVERSION = YES;
				CLANG_WARN_DIRECT_OBJC_ISA_USAGE = YES_ERROR;
				CLANG_WARN_DOCUMENTATION_COMMENTS = YES;
				CLANG_WARN_EMPTY_BODY = YES;
				CLANG_WARN_ENUM_CONVERSION = YES;
				CLANG_WARN_INFINITE_RECURSION = YES;
				CLANG_WARN_INT_CONVERSION = YES;
				CLANG_WARN_OBJC_ROOT_CLASS = YES_ERROR;
				CLANG_WARN_SUSPICIOUS_MOVES = YES;
				CLANG_WARN_UNREACHABLE_CODE = YES;
				CLANG_WARN__DUPLICATE_METHOD_MATCH = YES;
				"CODE_SIGN_IDENTITY[sdk=iphoneos*]" = "iPhone Developer";
				COPY_PHASE_STRIP = NO;
				DEBUG_INFORMATION_FORMAT = "dwarf-with-dsym";
				ENABLE_NS_ASSERTIONS = NO;
				ENABLE_STRICT_OBJC_MSGSEND = YES;
				GCC_C_LANGUAGE_STANDARD = gnu99;
				GCC_NO_COMMON_BLOCKS = YES;
				GCC_WARN_64_TO_32_BIT_CONVERSION = YES;
				GCC_WARN_ABOUT_RETURN_TYPE = YES_ERROR;
				GCC_WARN_UNDECLARED_SELECTOR = YES;
				GCC_WARN_UNINITIALIZED_AUTOS = YES_AGGRESSIVE;
				GCC_WARN_UNUSED_FUNCTION = YES;
				GCC_WARN_UNUSED_VARIABLE = YES;
				IPHONEOS_DEPLOYMENT_TARGET = 10.0;
				MTL_ENABLE_DEBUG_INFO = NO;
				SDKROOT = iphoneos;
				SWIFT_OPTIMIZATION_LEVEL = "-Owholemodule";
				TARGETED_DEVICE_FAMILY = "1,2";
				VALIDATE_PRODUCT = YES;
			};
			name = Release;
		};
		477363E41DBDDE68005398E6 /* Debug */ = {
			isa = XCBuildConfiguration;
			baseConfigurationReference = 31B78449B20A3C7007386401 /* Pods-DouyuTV.debug.xcconfig */;
			buildSettings = {
				ASSETCATALOG_COMPILER_APPICON_NAME = AppIcon;
				ASSETCATALOG_COMPILER_LAUNCHIMAGE_NAME = LaunchImage;
				INFOPLIST_FILE = DouyuTV/Info.plist;
				IPHONEOS_DEPLOYMENT_TARGET = 9.0;
				LD_RUNPATH_SEARCH_PATHS = "$(inherited) @executable_path/Frameworks";
				PRODUCT_BUNDLE_IDENTIFIER = com.liuming.DouyuTV;
				PRODUCT_NAME = "$(TARGET_NAME)";
				SWIFT_VERSION = 3.0;
			};
			name = Debug;
		};
		477363E51DBDDE68005398E6 /* Release */ = {
			isa = XCBuildConfiguration;
			baseConfigurationReference = B5230624601236FC2B5D7A30 /* Pods-DouyuTV.release.xcconfig */;
			buildSettings = {
				ASSETCATALOG_COMPILER_APPICON_NAME = AppIcon;
				ASSETCATALOG_COMPILER_LAUNCHIMAGE_NAME = LaunchImage;
				INFOPLIST_FILE = DouyuTV/Info.plist;
				IPHONEOS_DEPLOYMENT_TARGET = 9.0;
				LD_RUNPATH_SEARCH_PATHS = "$(inherited) @executable_path/Frameworks";
				PRODUCT_BUNDLE_IDENTIFIER = com.liuming.DouyuTV;
				PRODUCT_NAME = "$(TARGET_NAME)";
				SWIFT_VERSION = 3.0;
			};
			name = Release;
		};
		477363E71DBDDE68005398E6 /* Debug */ = {
			isa = XCBuildConfiguration;
			buildSettings = {
				ALWAYS_EMBED_SWIFT_STANDARD_LIBRARIES = YES;
				BUNDLE_LOADER = "$(TEST_HOST)";
				INFOPLIST_FILE = DouyuTVTests/Info.plist;
				LD_RUNPATH_SEARCH_PATHS = "$(inherited) @executable_path/Frameworks @loader_path/Frameworks";
				PRODUCT_BUNDLE_IDENTIFIER = com.liuming.DouyuTVTests;
				PRODUCT_NAME = "$(TARGET_NAME)";
				SWIFT_VERSION = 3.0;
				TEST_HOST = "$(BUILT_PRODUCTS_DIR)/DouyuTV.app/DouyuTV";
			};
			name = Debug;
		};
		477363E81DBDDE68005398E6 /* Release */ = {
			isa = XCBuildConfiguration;
			buildSettings = {
				ALWAYS_EMBED_SWIFT_STANDARD_LIBRARIES = YES;
				BUNDLE_LOADER = "$(TEST_HOST)";
				INFOPLIST_FILE = DouyuTVTests/Info.plist;
				LD_RUNPATH_SEARCH_PATHS = "$(inherited) @executable_path/Frameworks @loader_path/Frameworks";
				PRODUCT_BUNDLE_IDENTIFIER = com.liuming.DouyuTVTests;
				PRODUCT_NAME = "$(TARGET_NAME)";
				SWIFT_VERSION = 3.0;
				TEST_HOST = "$(BUILT_PRODUCTS_DIR)/DouyuTV.app/DouyuTV";
			};
			name = Release;
		};
		477363EA1DBDDE68005398E6 /* Debug */ = {
			isa = XCBuildConfiguration;
			buildSettings = {
				ALWAYS_EMBED_SWIFT_STANDARD_LIBRARIES = YES;
				INFOPLIST_FILE = DouyuTVUITests/Info.plist;
				LD_RUNPATH_SEARCH_PATHS = "$(inherited) @executable_path/Frameworks @loader_path/Frameworks";
				PRODUCT_BUNDLE_IDENTIFIER = com.liuming.DouyuTVUITests;
				PRODUCT_NAME = "$(TARGET_NAME)";
				SWIFT_VERSION = 3.0;
				TEST_TARGET_NAME = DouyuTV;
			};
			name = Debug;
		};
		477363EB1DBDDE68005398E6 /* Release */ = {
			isa = XCBuildConfiguration;
			buildSettings = {
				ALWAYS_EMBED_SWIFT_STANDARD_LIBRARIES = YES;
				INFOPLIST_FILE = DouyuTVUITests/Info.plist;
				LD_RUNPATH_SEARCH_PATHS = "$(inherited) @executable_path/Frameworks @loader_path/Frameworks";
				PRODUCT_BUNDLE_IDENTIFIER = com.liuming.DouyuTVUITests;
				PRODUCT_NAME = "$(TARGET_NAME)";
				SWIFT_VERSION = 3.0;
				TEST_TARGET_NAME = DouyuTV;
			};
			name = Release;
		};
/* End XCBuildConfiguration section */

/* Begin XCConfigurationList section */
		477363B61DBDDE68005398E6 /* Build configuration list for PBXProject "DouyuTV" */ = {
			isa = XCConfigurationList;
			buildConfigurations = (
				477363E11DBDDE68005398E6 /* Debug */,
				477363E21DBDDE68005398E6 /* Release */,
			);
			defaultConfigurationIsVisible = 0;
			defaultConfigurationName = Release;
		};
		477363E31DBDDE68005398E6 /* Build configuration list for PBXNativeTarget "DouyuTV" */ = {
			isa = XCConfigurationList;
			buildConfigurations = (
				477363E41DBDDE68005398E6 /* Debug */,
				477363E51DBDDE68005398E6 /* Release */,
			);
			defaultConfigurationIsVisible = 0;
			defaultConfigurationName = Release;
		};
		477363E61DBDDE68005398E6 /* Build configuration list for PBXNativeTarget "DouyuTVTests" */ = {
			isa = XCConfigurationList;
			buildConfigurations = (
				477363E71DBDDE68005398E6 /* Debug */,
				477363E81DBDDE68005398E6 /* Release */,
			);
			defaultConfigurationIsVisible = 0;
			defaultConfigurationName = Release;
		};
		477363E91DBDDE68005398E6 /* Build configuration list for PBXNativeTarget "DouyuTVUITests" */ = {
			isa = XCConfigurationList;
			buildConfigurations = (
				477363EA1DBDDE68005398E6 /* Debug */,
				477363EB1DBDDE68005398E6 /* Release */,
			);
			defaultConfigurationIsVisible = 0;
			defaultConfigurationName = Release;
		};
/* End XCConfigurationList section */
	};
	rootObject = 477363B31DBDDE68005398E6 /* Project object */;
}
